
Microsoft Visual Studio Solution File, Format Version 12.00
# Visual Studio Version 16
VisualStudioVersion = 16.0.29215.179
MinimumVisualStudioVersion = 10.0.40219.1
Project("{FAE04EC0-301F-11D3-BF4B-00C04F79EFBC}") = "OSullivan_MIS4800_SD1", "OSullivan_MIS4800_SD1.csproj", "{42184BAA-F5B4-4E5F-8C18-D26B67319D55}"
EndProject
Global
	GlobalSection(SolutionConfigurationPlatforms) = preSolution
		Debug|Any CPU = Debug|Any CPU
		Release|Any CPU = Release|Any CPU
	EndGlobalSection
	GlobalSection(ProjectConfigurationPlatforms) = postSolution
		{42184BAA-F5B4-4E5F-8C18-D26B67319D55}.Debug|Any CPU.ActiveCfg = Debug|Any CPU
		{42184BAA-F5B4-4E5F-8C18-D26B67319D55}.Debug|Any CPU.Build.0 = Debug|Any CPU
		{42184BAA-F5B4-4E5F-8C18-D26B67319D55}.Release|Any CPU.ActiveCfg = Release|Any CPU
		{42184BAA-F5B4-4E5F-8C18-D26B67319D55}.Release|Any CPU.Build.0 = Release|Any CPU
	EndGlobalSection
	GlobalSection(SolutionProperties) = preSolution
		HideSolutionNode = FALSE
	EndGlobalSection
	GlobalSection(ExtensibilityGlobals) = postSolution
		SolutionGuid = {9BBFC912-A8B7-4394-92AB-7C0C64AA937A}
	EndGlobalSection
EndGlobal
